
Microsoft Visual Studio Solution File, Format Version 12.00
# Visual Studio Version 16
VisualStudioVersion = 16.0.29509.3
MinimumVisualStudioVersion = 10.0.40219.1
Project("{FAE04EC0-301F-11D3-BF4B-00C04F79EFBC}") = "GitHubTestProject", "GitHubTestProject\GitHubTestProject.csproj", "{9BAB30DD-83F8-41D0-8A56-93424A0A39D7}"
EndProject
Global
	GlobalSection(SolutionConfigurationPlatforms) = preSolution
		Debug|Any CPU = Debug|Any CPU
		Release|Any CPU = Release|Any CPU
	EndGlobalSection
	GlobalSection(ProjectConfigurationPlatforms) = postSolution
		{9BAB30DD-83F8-41D0-8A56-93424A0A39D7}.Debug|Any CPU.ActiveCfg = Debug|Any CPU
		{9BAB30DD-83F8-41D0-8A56-93424A0A39D7}.Debug|Any CPU.Build.0 = Debug|Any CPU
		{9BAB30DD-83F8-41D0-8A56-93424A0A39D7}.Release|Any CPU.ActiveCfg = Release|Any CPU
		{9BAB30DD-83F8-41D0-8A56-93424A0A39D7}.Release|Any CPU.Build.0 = Release|Any CPU
	EndGlobalSection
	GlobalSection(SolutionProperties) = preSolution
		HideSolutionNode = FALSE
	EndGlobalSection
	GlobalSection(ExtensibilityGlobals) = postSolution
		SolutionGuid = {1ACEF4C4-255C-44BE-8D96-D4196F38702D}
	EndGlobalSection
EndGlobal
